{
  "name": "image-color-pick-gen",
  "version": "1.0.0",
  "lockfileVersion": 3,
  "requires": true,
  "packages": {
    "": {
      "name": "image-color-pick-gen",
      "version": "1.0.0",
      "license": "ISC",
      "dependencies": {
        "jpeg-js": "^0.4.4"
      }
    },
    "node_modules/jpeg-js": {
      "version": "0.4.4",
      "resolved": "https://registry.npmjs.org/jpeg-js/-/jpeg-js-0.4.4.tgz",
      "integrity": "sha512-WZzeDOEtTOBK4Mdsar0IqEU5sMr3vSV2RqkAIzUEV2BHnUfKGyswWFPFwK5EeDo93K3FohSHbLAjj0s1Wzd+dg=="
    }
  }
}
